<?xml version="1.0" encoding="utf-8"?>
<Project ToolsVersion="4.0" xmlns="http://schemas.microsoft.com/developer/msbuild/2003">
  <ItemGroup>
    <ClCompile Include="GameObject\Cube.cpp" />
    <ClCompile Include="GFX\MaterialMap.cpp" />
    <ClCompile Include="Loader\BGLoader.cpp" />
    <ClCompile Include="Mesh\Mesh.cpp" />
    <ClCompile Include="Pch\Pch.cpp" />
    <ClCompile Include="Renderer\Camera.cpp" />
    <ClCompile Include="Renderer\Renderer.cpp" />
    <ClCompile Include="Renderer\Shader.cpp" />
    <ClCompile Include="Renderer\ShaderMap.cpp" />
    <ClCompile Include="States\PlayState.cpp" />
    <ClCompile Include="System\Application.cpp" />
    <ClCompile Include="System\Input.cpp" />
    <ClCompile Include="System\Log.cpp" />
    <ClCompile Include="System\Main.cpp" />
    <ClCompile Include="System\StateManager.cpp" />
    <ClCompile Include="Texture\stb_image.cpp" />
    <ClCompile Include="GameObject\GameObject.cpp" />
  </ItemGroup>
  <ItemGroup>
    <ClInclude Include="GameObject\Cube.h" />
    <ClInclude Include="GFX\MaterialMap.h" />
    <ClInclude Include="Loader\BGLoader.h" />
    <ClInclude Include="Mesh\Mesh.h" />
    <ClInclude Include="Loader\LoaderFormat.h" />
    <ClInclude Include="Mesh\MeshFormat.h" />
    <ClInclude Include="Pch\Pch.h" />
    <ClInclude Include="Renderer\Camera.h" />
    <ClInclude Include="Renderer\Renderer.h" />
    <ClInclude Include="Renderer\Shader.h" />
    <ClInclude Include="Renderer\ShaderMap.h" />
    <ClInclude Include="States\PlayState.h" />
    <ClInclude Include="System\Application.h" />
    <ClInclude Include="System\Input.h" />
    <ClInclude Include="System\Log.h" />
    <ClInclude Include="System\State.h" />
    <ClInclude Include="System\StateManager.h" />
    <ClInclude Include="Texture\stb_image.h" />
  </ItemGroup>
  <ItemGroup>
    <None Include="GameObject\GameObject.h" />
  </ItemGroup>
</Project>