<?xml version="1.0" encoding="utf-8"?>
<Project ToolsVersion="4.0" xmlns="http://schemas.microsoft.com/developer/msbuild/2003">
  <ItemGroup>
    <ClCompile Include="DebugDrawer\DebugDrawer.cpp" />
    <ClCompile Include="GameObject\AnimatedObject.cpp" />
    <ClCompile Include="Mesh\AnimationMap.cpp" />
    <ClCompile Include="Mesh\MeshMap.cpp" />
    <ClCompile Include="Networking\Client.cpp" />
    <ClCompile Include="Networking\LocalServer.cpp" />
    <ClCompile Include="GameObject\GameObject.cpp" />
    <ClCompile Include="GameObject\WorldObject.cpp" />
    <ClCompile Include="GFX\MaterialMap.cpp" />
    <ClCompile Include="Gui\Gui.cpp" />
    <ClCompile Include="Loader\BGLoader.cpp" />
    <ClCompile Include="Mesh\Mesh.cpp" />
    <ClCompile Include="Networking\NetworkPlayers.cpp" />
    <ClCompile Include="Pch\Pch.cpp" />
    <ClCompile Include="Player\Player.cpp" />
    <ClCompile Include="Renderer\Camera.cpp" />
    <ClCompile Include="Renderer\Renderer.cpp" />
    <ClCompile Include="Renderer\Shader.cpp" />
    <ClCompile Include="Renderer\ShaderMap.cpp" />
    <ClCompile Include="Spells\AttackSpell.cpp" />
    <ClCompile Include="Spells\EnhanceAttackSpell.cpp" />
    <ClCompile Include="Spells\Spell.cpp" />
    <ClCompile Include="Renderer\SkyBox.cpp" />
    <ClCompile Include="Spells\SpellHandler.cpp" />
    <ClCompile Include="Mesh\SkeletonMap.cpp" />
    <ClCompile Include="States\FindServerState.cpp" />
    <ClCompile Include="States\LobbyState.cpp" />
    <ClCompile Include="States\MenuState.cpp" />
    <ClCompile Include="States\PlayState.cpp" />
    <ClCompile Include="System\Application.cpp" />
    <ClCompile Include="System\BulletPhysics.cpp" />
    <ClCompile Include="System\Input.cpp" />
    <ClCompile Include="System\Log.cpp" />
    <ClCompile Include="System\Main.cpp" />
    <ClCompile Include="System\StateManager.cpp" />
    <ClCompile Include="Texture\stb_image.cpp" />
    <ClCompile Include="GameObject\GameObject.cpp" />
    <ClCompile Include="GameObject\WorldObject.cpp" />
    <ClCompile Include="Gui\Gui.cpp" />
    <ClCompile Include="States\MenuState.cpp" />
    <ClCompile Include="Networking\LocalServer.cpp" />
    <ClCompile Include="Networking\Client.cpp" />
    <ClCompile Include="States\LobbyState.cpp" />
    <ClCompile Include="States\FindServerState.cpp" />
    <ClCompile Include="Player\Player.cpp" />
    <ClCompile Include="Spells\Spell.cpp" />
    <ClCompile Include="Spells\AttackSpell.cpp" />
    <ClCompile Include="Networking\NetworkPlayers.cpp" />
    <ClCompile Include="Renderer\SkyBox.cpp" />
    <ClCompile Include="Mesh\MeshMap.cpp" />
    <ClCompile Include="Spells\SpellHandler.cpp" />
    <ClCompile Include="System\BulletPhysics.cpp" />
    <ClCompile Include="Networking\NetworkSpells.cpp" />
    <ClCompile Include="Mesh\SkeletonMap.cpp" />
    <ClCompile Include="Mesh\AnimationMap.cpp" />
    <ClCompile Include="GameObject\AnimatedObject.cpp" />
    <ClCompile Include="System\Timer.cpp" />
    <ClCompile Include="Texture\stb_image.cpp" />
  </ItemGroup>
  <ItemGroup>
    <ClInclude Include="DebugDrawer\DebugDrawer.h" />
    <ClInclude Include="GameObject\AnimatedObject.h" />
    <ClInclude Include="Mesh\AnimationMap.h" />
    <ClInclude Include="Mesh\MeshMap.h" />
    <ClInclude Include="Networking\Client.h" />
    <ClInclude Include="Networking\LocalServer.h" />
    <ClInclude Include="Networking\NetworkGlobals.h" />
    <ClInclude Include="Networking\NetworkPackets.h" />
    <ClInclude Include="GameObject\WorldObject.h" />
    <ClInclude Include="GFX\MaterialMap.h" />
    <ClInclude Include="Gui\Gui.h" />
    <ClInclude Include="Loader\BGLoader.h" />
    <ClInclude Include="Mesh\Mesh.h" />
    <ClInclude Include="Loader\LoaderFormat.h" />
    <ClInclude Include="Mesh\MeshFormat.h" />
    <ClInclude Include="Networking\NetworkPlayers.h" />
    <ClInclude Include="Pch\Pch.h" />
    <ClInclude Include="Player\Player.h" />
    <ClInclude Include="Renderer\Camera.h" />
    <ClInclude Include="Renderer\Renderer.h" />
    <ClInclude Include="Renderer\Shader.h" />
    <ClInclude Include="Renderer\ShaderMap.h" />
    <ClInclude Include="Spells\AttackSpell.h" />
    <ClInclude Include="Spells\EnhanceAttackSpell.h" />
    <ClInclude Include="Spells\Spell.h" />
    <ClInclude Include="Renderer\SkyBox.h" />
    <ClInclude Include="Mesh\SkeletonMap.h" />
    <ClInclude Include="Spells\SpellHandler.h" />
    <ClInclude Include="Spells\Spells.h" />
    <ClInclude Include="States\FindServerState.h" />
    <ClInclude Include="States\LobbyState.h" />
    <ClInclude Include="States\MenuState.h" />
    <ClInclude Include="States\PlayState.h" />
    <ClInclude Include="System\Application.h" />
    <ClInclude Include="System\BulletPhysics.h" />
    <ClInclude Include="System\Input.h" />
    <ClInclude Include="System\Log.h" />
    <ClInclude Include="System\State.h" />
    <ClInclude Include="System\StateManager.h" />
    <ClInclude Include="System\Timer.h" />
    <ClInclude Include="Texture\stb_image.h" />
    <ClInclude Include="GameObject\WorldObject.h" />
    <ClInclude Include="Gui\Gui.h" />
    <ClInclude Include="States\MenuState.h" />
    <ClInclude Include="Networking\LocalServer.h" />
    <ClInclude Include="Networking\Client.h" />
    <ClInclude Include="Networking\NetworkGlobals.h" />
    <ClInclude Include="Networking\NetworkPackets.h" />
    <ClInclude Include="States\LobbyState.h" />
    <ClInclude Include="States\FindServerState.h" />
    <ClInclude Include="Player\Player.h" />
    <ClInclude Include="Spells\Spell.h" />
    <ClInclude Include="Spells\AttackSpell.h" />
    <ClInclude Include="Mesh\MeshMap.h" />
    <ClInclude Include="Networking\NetworkPlayers.h" />
    <ClInclude Include="Renderer\SkyBox.h" />
    <ClInclude Include="Mesh\SkeletonMap.h" />
    <ClInclude Include="Mesh\AnimationMap.h" />
    <ClInclude Include="GameObject\AnimatedObject.h" />
    <ClInclude Include="Spells\SpellHandler.h" />
    <ClInclude Include="System\BulletPhysics.h" />
    <ClInclude Include="Networking\NetworkSpells.h" />
    <ClInclude Include="Spells\SpellTypes.h" />
    <ClInclude Include="System\Lerp.h" />
    <ClInclude Include="System\Timer.h" />
    <ClInclude Include="Spells\Spells.h" />
    <ClInclude Include="Spells\SpellTypes.h" />
  </ItemGroup>
  <ItemGroup>
    <None Include="GameObject\GameObject.h" />
  </ItemGroup>
</Project>