<?xml version="1.0" encoding="utf-8"?>
<Project ToolsVersion="4.0" xmlns="http://schemas.microsoft.com/developer/msbuild/2003">
  <ItemGroup>
    <ClCompile Include="GameObject\AnimatedObject.cpp" />
    <ClCompile Include="HUD\HudHandler.cpp" />
    <ClCompile Include="Mesh\AnimationMap.cpp" />
    <ClCompile Include="Mesh\MeshMap.cpp" />
    <ClCompile Include="Networking\Client.cpp" />
    <ClCompile Include="Networking\LocalServer.cpp" />
    <ClCompile Include="GameObject\GameObject.cpp" />
    <ClCompile Include="GameObject\WorldObject.cpp" />
    <ClCompile Include="GFX\MaterialMap.cpp" />
    <ClCompile Include="Gui\Gui.cpp" />
    <ClCompile Include="Loader\BGLoader.cpp" />
    <ClCompile Include="Mesh\Mesh.cpp" />
    <ClCompile Include="Networking\NetworkPlayers.cpp" />
    <ClCompile Include="Networking\NetworkSpells.cpp" />
    <ClCompile Include="Pch\Pch.cpp" />
    <ClCompile Include="Pickups\HealthPickup.cpp" />
    <ClCompile Include="Pickups\Pickup.cpp" />
    <ClCompile Include="Networking\NetworkPickups.cpp" />
    <ClCompile Include="Player\Player.cpp" />
    <ClCompile Include="Renderer\BloomBlur.cpp" />
    <ClCompile Include="Renderer\Camera.cpp" />
    <ClCompile Include="HUD\HudObject.cpp" />
    <ClCompile Include="HUD\HudTextureMap.cpp" />
    <ClCompile Include="Renderer\Renderer.cpp" />
    <ClCompile Include="Renderer\Shader.cpp" />
    <ClCompile Include="Renderer\ShaderMap.cpp" />
    <ClCompile Include="Spells\AOEAttack.cpp" />
    <ClCompile Include="Spells\AttackSpell.cpp" />
    <ClCompile Include="Spells\EnhanceAttackSpell.cpp" />
    <ClCompile Include="Spells\fire.cpp" />
    <ClCompile Include="Spells\ReflectSpell.cpp" />
    <ClCompile Include="Spells\Spell.cpp" />
    <ClCompile Include="Renderer\SkyBox.cpp" />
    <ClCompile Include="Spells\SpellHandler.cpp" />
    <ClCompile Include="Mesh\SkeletonMap.cpp" />
    <ClCompile Include="States\FindServerState.cpp" />
    <ClCompile Include="States\LobbyState.cpp" />
    <ClCompile Include="States\MenuState.cpp" />
    <ClCompile Include="States\PlayState.cpp" />
    <ClCompile Include="System\Application.cpp" />
    <ClCompile Include="System\BulletPhysics.cpp" />
    <ClCompile Include="System\Input.cpp" />
    <ClCompile Include="System\Log.cpp" />
    <ClCompile Include="System\Main.cpp" />
    <ClCompile Include="System\StateManager.cpp" />
    <ClCompile Include="System\TimedCallback.cpp" />
    <ClCompile Include="System\Timer.cpp" />
    <ClCompile Include="Texture\stb_image.cpp" />
    <ClCompile Include="Text\FreeType.cpp" />
    <ClCompile Include="Text\HUDShader.cpp" />
    <ClCompile Include="System\SoundHandler.cpp" />
    <ClCompile Include="Destruction\VoroniCalculator.cpp" />
    <ClCompile Include="Destruction\DelaunayGenerator.cpp" />
    <ClCompile Include="Destruction\PointCompare.cpp" />
    <ClCompile Include="Destruction\VoroniClipper.cpp" />
    <ClCompile Include="Destruction\DstrGenerator.cpp" />
    <ClCompile Include="GameObject\DestructibleObject.cpp" />
    <ClCompile Include="Particles\Particles.cpp" />
    <ClCompile Include="Particles\ParticleBuffers.cpp" />
    <ClCompile Include="GameObject\MapObject.cpp" />
    <ClCompile Include="GameObject\ShieldObject.cpp" />
    <ClCompile Include="GFX\Pointlight.cpp" />
    <ClCompile Include="GameObject\EnemyShieldObject.cpp" />
    <ClCompile Include="System\MemoryUsage.cpp" />
    <ClCompile Include="HUD\WorldHudObject.cpp" />
    <ClCompile Include="GameObject\TangentCube.cpp" />
  </ItemGroup>
  <ItemGroup>
    <ClInclude Include="GameObject\AnimatedObject.h" />
    <ClInclude Include="HUD\HudHandler.h" />
    <ClInclude Include="Mesh\AnimationMap.h" />
    <ClInclude Include="Mesh\MeshMap.h" />
    <ClInclude Include="Networking\Client.h" />
    <ClInclude Include="Networking\LocalServer.h" />
    <ClInclude Include="Networking\NetworkGlobals.h" />
    <ClInclude Include="Networking\NetworkPackets.h" />
    <ClInclude Include="GameObject\WorldObject.h" />
    <ClInclude Include="GFX\MaterialMap.h" />
    <ClInclude Include="Gui\Gui.h" />
    <ClInclude Include="Loader\BGLoader.h" />
    <ClInclude Include="Mesh\Mesh.h" />
    <ClInclude Include="Loader\LoaderFormat.h" />
    <ClInclude Include="Mesh\MeshFormat.h" />
    <ClInclude Include="Networking\NetworkPlayers.h" />
    <ClInclude Include="Networking\NetworkSpells.h" />
    <ClInclude Include="Networking\PlayerEvents.h" />
    <ClInclude Include="Pch\Pch.h" />
    <ClInclude Include="Pickups\HealthPickup.h" />
    <ClInclude Include="Pickups\Pickup.h" />
    <ClInclude Include="Networking\NetworkPickups.h" />
    <ClInclude Include="Pickups\PickupTypes.h" />
    <ClInclude Include="Player\Player.h" />
    <ClInclude Include="Spells\ReflectSpell.h" />
    <ClInclude Include="Renderer\BloomBlur.h" />
    <ClInclude Include="Renderer\Camera.h" />
    <ClInclude Include="HUD\HudObject.h" />
    <ClInclude Include="HUD\HudTextureMap.h" />
    <ClInclude Include="Renderer\Renderer.h" />
    <ClInclude Include="Renderer\Shader.h" />
    <ClInclude Include="Renderer\ShaderMap.h" />
    <ClInclude Include="Spells\AOEAttack.h" />
    <ClInclude Include="Spells\AttackSpell.h" />
    <ClInclude Include="Spells\EnhanceAttackSpell.h" />
    <ClInclude Include="Spells\fire.h" />
    <ClInclude Include="Spells\Spell.h" />
    <ClInclude Include="Renderer\SkyBox.h" />
    <ClInclude Include="Mesh\SkeletonMap.h" />
    <ClInclude Include="Spells\SpellHandler.h" />
    <ClInclude Include="Spells\Spells.h" />
    <ClInclude Include="States\FindServerState.h" />
    <ClInclude Include="States\LobbyState.h" />
    <ClInclude Include="States\MenuState.h" />
    <ClInclude Include="States\PlayState.h" />
    <ClInclude Include="System\Application.h" />
    <ClInclude Include="System\BulletPhysics.h" />
    <ClInclude Include="System\DeltaTime.h" />
    <ClInclude Include="System\Input.h" />
    <ClInclude Include="System\Lerp.h" />
    <ClInclude Include="System\Log.h" />
    <ClInclude Include="System\Randomizer.h" />
    <ClInclude Include="System\State.h" />
    <ClInclude Include="System\StateManager.h" />
    <ClInclude Include="System\TimedCallback.h" />
    <ClInclude Include="System\Timer.h" />
    <ClInclude Include="Texture\stb_image.h" />
    <ClInclude Include="Text\FreeType.h" />
    <ClInclude Include="Text\HUDShader.h" />
    <ClInclude Include="System\SoundHandler.h" />
    <ClInclude Include="Destruction\TriangleNode.h" />
    <ClInclude Include="Destruction\Geometry.h" />
    <ClInclude Include="Destruction\VoroniCalculator.h" />
    <ClInclude Include="Destruction\DelaunayGenerator.h" />
    <ClInclude Include="Destruction\PointCompare.h" />
    <ClInclude Include="Destruction\VoroniClipper.h" />
    <ClInclude Include="Destruction\DstrGenerator.h" />
    <ClInclude Include="GameObject\DestructibleObject.h" />
    <ClInclude Include="Particles\Particles.h" />
    <ClInclude Include="Particles\ParticleBuffers.h" />
    <ClInclude Include="HUD\HudObject.h" />
    <ClInclude Include="HUD\HudTextureMap.h" />
    <ClInclude Include="HUD\HudHandler.h" />
    <ClInclude Include="Pickups\Pickup.h" />
    <ClInclude Include="Pickups\HealthPickup.h" />
    <ClInclude Include="Networking\NetworkPickups.h" />
    <ClInclude Include="Pickups\PickupTypes.h" />
    <ClInclude Include="System\Randomizer.h" />
    <ClInclude Include="System\DeltaTime.h" />
    <ClInclude Include="Networking\PlayerEvents.h" />
    <ClInclude Include="Renderer\NotificationStructure.h" />
    <ClInclude Include="GameObject\MapObject.h" />
    <ClInclude Include="Renderer\PickupNotificationStructure.h" />
    <ClInclude Include="GameObject\ShieldObject.h" />
    <ClInclude Include="GameObject\ObjectTypes.h" />
    <ClInclude Include="Renderer\PickupNotificationStructure.h" />
    <ClInclude Include="GFX\Pointlight.h" />
    <ClInclude Include="GameObject\EnemyShieldObject.h" />
    <ClInclude Include="System\MemoryUsage.h" />
    <ClInclude Include="HUD\WorldHudObject.h" />
    <ClInclude Include="GameObject\TangentCube.h" />
  </ItemGroup>
  <ItemGroup>
    <None Include="GameObject\GameObject.h" />
  </ItemGroup>
</Project>